// !$*UTF8*$!
{
	archiveVersion = 1;
	classes = {
	};
	objectVersion = 51;
	objects = {

/* Begin PBXBuildFile section */
		3E7BE749E108E33CCBC419E5 /* Pods_Mobileyes.framework in Frameworks */ = {isa = PBXBuildFile; fileRef = 9E7079B3DC8EF765A570F3DD /* Pods_Mobileyes.framework */; };
		F48AE6012274428C008323A6 /* AppDelegate.swift in Sources */ = {isa = PBXBuildFile; fileRef = F48AE6002274428C008323A6 /* AppDelegate.swift */; };
		F48AE6032274428C008323A6 /* MainViewController.swift in Sources */ = {isa = PBXBuildFile; fileRef = F48AE6022274428C008323A6 /* MainViewController.swift */; };
		F48AE6082274428F008323A6 /* Assets.xcassets in Resources */ = {isa = PBXBuildFile; fileRef = F48AE6072274428F008323A6 /* Assets.xcassets */; };
		F4DB9D5A227447F600776FF0 /* MoreViewController.swift in Sources */ = {isa = PBXBuildFile; fileRef = F4DB9D59227447F600776FF0 /* MoreViewController.swift */; };
		F4DB9D5C2274528700776FF0 /* Inceptionv3.mlmodel in Sources */ = {isa = PBXBuildFile; fileRef = F4DB9D5B2274528700776FF0 /* Inceptionv3.mlmodel */; };
		F4DB9D5E2274550F00776FF0 /* Extensions.swift in Sources */ = {isa = PBXBuildFile; fileRef = F4DB9D5D2274550F00776FF0 /* Extensions.swift */; };
		F4DB9D602274555800776FF0 /* MainViewController+ARSessionDelegate.swift in Sources */ = {isa = PBXBuildFile; fileRef = F4DB9D5F2274555800776FF0 /* MainViewController+ARSessionDelegate.swift */; };
		F4DB9D62227455F400776FF0 /* MainViewController+ARCNViewDelegate.swift in Sources */ = {isa = PBXBuildFile; fileRef = F4DB9D61227455F400776FF0 /* MainViewController+ARCNViewDelegate.swift */; };
		F4DB9D652274654A00776FF0 /* Main.storyboard in Resources */ = {isa = PBXBuildFile; fileRef = F4DB9D642274654A00776FF0 /* Main.storyboard */; };
		F4DB9D672274655400776FF0 /* Launch.storyboard in Resources */ = {isa = PBXBuildFile; fileRef = F4DB9D662274655400776FF0 /* Launch.storyboard */; };
		F4DB9D69227474CA00776FF0 /* AddCustomObjectViewController.swift in Sources */ = {isa = PBXBuildFile; fileRef = F4DB9D68227474CA00776FF0 /* AddCustomObjectViewController.swift */; };
		F4DB9D6B2274829C00776FF0 /* AddCustomObjectViewController+ARSCNViewDelegate.swift in Sources */ = {isa = PBXBuildFile; fileRef = F4DB9D6A2274829C00776FF0 /* AddCustomObjectViewController+ARSCNViewDelegate.swift */; };
		F4DB9D6D2274839900776FF0 /* AddCustomObject+ARSessionDelegate.swift in Sources */ = {isa = PBXBuildFile; fileRef = F4DB9D6C2274839900776FF0 /* AddCustomObject+ARSessionDelegate.swift */; };
/* End PBXBuildFile section */

/* Begin PBXFileReference section */
		10069B3F42F46B59BBC1AF4C /* Pods-Mobileyes.release.xcconfig */ = {isa = PBXFileReference; includeInIndex = 1; lastKnownFileType = text.xcconfig; name = "Pods-Mobileyes.release.xcconfig"; path = "Target Support Files/Pods-Mobileyes/Pods-Mobileyes.release.xcconfig"; sourceTree = "<group>"; };
		2B8EA9C5106E983F39621FD7 /* Pods-Mobileyes.debug.xcconfig */ = {isa = PBXFileReference; includeInIndex = 1; lastKnownFileType = text.xcconfig; name = "Pods-Mobileyes.debug.xcconfig"; path = "Target Support Files/Pods-Mobileyes/Pods-Mobileyes.debug.xcconfig"; sourceTree = "<group>"; };
		9E7079B3DC8EF765A570F3DD /* Pods_Mobileyes.framework */ = {isa = PBXFileReference; explicitFileType = wrapper.framework; includeInIndex = 0; path = Pods_Mobileyes.framework; sourceTree = BUILT_PRODUCTS_DIR; };
		F48AE5FD2274428C008323A6 /* Mobileyes.app */ = {isa = PBXFileReference; explicitFileType = wrapper.application; includeInIndex = 0; path = Mobileyes.app; sourceTree = BUILT_PRODUCTS_DIR; };
		F48AE6002274428C008323A6 /* AppDelegate.swift */ = {isa = PBXFileReference; lastKnownFileType = sourcecode.swift; path = AppDelegate.swift; sourceTree = "<group>"; };
		F48AE6022274428C008323A6 /* MainViewController.swift */ = {isa = PBXFileReference; lastKnownFileType = sourcecode.swift; path = MainViewController.swift; sourceTree = "<group>"; };
		F48AE6072274428F008323A6 /* Assets.xcassets */ = {isa = PBXFileReference; lastKnownFileType = folder.assetcatalog; path = Assets.xcassets; sourceTree = "<group>"; };
		F48AE60C2274428F008323A6 /* Info.plist */ = {isa = PBXFileReference; lastKnownFileType = text.plist.xml; path = Info.plist; sourceTree = "<group>"; };
		F4DB9D59227447F600776FF0 /* MoreViewController.swift */ = {isa = PBXFileReference; lastKnownFileType = sourcecode.swift; path = MoreViewController.swift; sourceTree = "<group>"; };
		F4DB9D5B2274528700776FF0 /* Inceptionv3.mlmodel */ = {isa = PBXFileReference; lastKnownFileType = file.mlmodel; path = Inceptionv3.mlmodel; sourceTree = "<group>"; };
		F4DB9D5D2274550F00776FF0 /* Extensions.swift */ = {isa = PBXFileReference; lastKnownFileType = sourcecode.swift; path = Extensions.swift; sourceTree = "<group>"; };
		F4DB9D5F2274555800776FF0 /* MainViewController+ARSessionDelegate.swift */ = {isa = PBXFileReference; lastKnownFileType = sourcecode.swift; path = "MainViewController+ARSessionDelegate.swift"; sourceTree = "<group>"; };
		F4DB9D61227455F400776FF0 /* MainViewController+ARCNViewDelegate.swift */ = {isa = PBXFileReference; lastKnownFileType = sourcecode.swift; path = "MainViewController+ARCNViewDelegate.swift"; sourceTree = "<group>"; };
		F4DB9D642274654A00776FF0 /* Main.storyboard */ = {isa = PBXFileReference; fileEncoding = 4; lastKnownFileType = file.storyboard; path = Main.storyboard; sourceTree = "<group>"; };
		F4DB9D662274655400776FF0 /* Launch.storyboard */ = {isa = PBXFileReference; fileEncoding = 4; lastKnownFileType = file.storyboard; path = Launch.storyboard; sourceTree = "<group>"; };
		F4DB9D68227474CA00776FF0 /* AddCustomObjectViewController.swift */ = {isa = PBXFileReference; lastKnownFileType = sourcecode.swift; path = AddCustomObjectViewController.swift; sourceTree = "<group>"; };
		F4DB9D6A2274829C00776FF0 /* AddCustomObjectViewController+ARSCNViewDelegate.swift */ = {isa = PBXFileReference; lastKnownFileType = sourcecode.swift; path = "AddCustomObjectViewController+ARSCNViewDelegate.swift"; sourceTree = "<group>"; };
		F4DB9D6C2274839900776FF0 /* AddCustomObject+ARSessionDelegate.swift */ = {isa = PBXFileReference; lastKnownFileType = sourcecode.swift; path = "AddCustomObject+ARSessionDelegate.swift"; sourceTree = "<group>"; };
/* End PBXFileReference section */

/* Begin PBXFrameworksBuildPhase section */
		F48AE5FA2274428C008323A6 /* Frameworks */ = {
			isa = PBXFrameworksBuildPhase;
			buildActionMask = 2147483647;
			files = (
				3E7BE749E108E33CCBC419E5 /* Pods_Mobileyes.framework in Frameworks */,
			);
			runOnlyForDeploymentPostprocessing = 0;
		};
/* End PBXFrameworksBuildPhase section */

/* Begin PBXGroup section */
		15B594C09969051FD6E48D28 /* Frameworks */ = {
			isa = PBXGroup;
			children = (
				9E7079B3DC8EF765A570F3DD /* Pods_Mobileyes.framework */,
			);
			name = Frameworks;
			sourceTree = "<group>";
		};
		C22030E485FAB2819D53B0ED /* Pods */ = {
			isa = PBXGroup;
			children = (
				2B8EA9C5106E983F39621FD7 /* Pods-Mobileyes.debug.xcconfig */,
				10069B3F42F46B59BBC1AF4C /* Pods-Mobileyes.release.xcconfig */,
			);
			path = Pods;
			sourceTree = "<group>";
		};
		F48AE5F42274428C008323A6 = {
			isa = PBXGroup;
			children = (
				F48AE5FF2274428C008323A6 /* Mobileyes */,
				F48AE5FE2274428C008323A6 /* Products */,
				C22030E485FAB2819D53B0ED /* Pods */,
				15B594C09969051FD6E48D28 /* Frameworks */,
			);
			sourceTree = "<group>";
		};
		F48AE5FE2274428C008323A6 /* Products */ = {
			isa = PBXGroup;
			children = (
				F48AE5FD2274428C008323A6 /* Mobileyes.app */,
			);
			name = Products;
			sourceTree = "<group>";
		};
		F48AE5FF2274428C008323A6 /* Mobileyes */ = {
			isa = PBXGroup;
			children = (
				F4DB9D642274654A00776FF0 /* Main.storyboard */,
				F48AE6022274428C008323A6 /* MainViewController.swift */,
				F4DB9D61227455F400776FF0 /* MainViewController+ARCNViewDelegate.swift */,
				F4DB9D5F2274555800776FF0 /* MainViewController+ARSessionDelegate.swift */,
				F4DB9D59227447F600776FF0 /* MoreViewController.swift */,
				F4DB9D68227474CA00776FF0 /* AddCustomObjectViewController.swift */,
				F4DB9D6A2274829C00776FF0 /* AddCustomObjectViewController+ARSCNViewDelegate.swift */,
				F4DB9D6C2274839900776FF0 /* AddCustomObject+ARSessionDelegate.swift */,
				F4DB9D632274646D00776FF0 /* Supporting Files */,
			);
			path = Mobileyes;
			sourceTree = "<group>";
		};
		F4DB9D632274646D00776FF0 /* Supporting Files */ = {
			isa = PBXGroup;
			children = (
				F48AE6002274428C008323A6 /* AppDelegate.swift */,
				F4DB9D5D2274550F00776FF0 /* Extensions.swift */,
				F4DB9D662274655400776FF0 /* Launch.storyboard */,
				F48AE6072274428F008323A6 /* Assets.xcassets */,
				F48AE60C2274428F008323A6 /* Info.plist */,
				F4DB9D5B2274528700776FF0 /* Inceptionv3.mlmodel */,
			);
			path = "Supporting Files";
			sourceTree = "<group>";
		};
/* End PBXGroup section */

/* Begin PBXNativeTarget section */
		F48AE5FC2274428C008323A6 /* Mobileyes */ = {
			isa = PBXNativeTarget;
			buildConfigurationList = F48AE60F2274428F008323A6 /* Build configuration list for PBXNativeTarget "Mobileyes" */;
			buildPhases = (
				8AFE0B87148B4AD82173A5A1 /* [CP] Check Pods Manifest.lock */,
				F48AE5F92274428C008323A6 /* Sources */,
				F48AE5FA2274428C008323A6 /* Frameworks */,
				F48AE5FB2274428C008323A6 /* Resources */,
				47CF135E7524B07DF7B30F0B /* [CP] Embed Pods Frameworks */,
			);
			buildRules = (
			);
			dependencies = (
			);
			name = Mobileyes;
			productName = Mobileyes;
			productReference = F48AE5FD2274428C008323A6 /* Mobileyes.app */;
			productType = "com.apple.product-type.application";
		};
/* End PBXNativeTarget section */

/* Begin PBXProject section */
		F48AE5F52274428C008323A6 /* Project object */ = {
			isa = PBXProject;
			attributes = {
				LastSwiftUpdateCheck = 1020;
				LastUpgradeCheck = 1020;
				ORGANIZATIONNAME = Mobileyes;
				TargetAttributes = {
					F48AE5FC2274428C008323A6 = {
						CreatedOnToolsVersion = 10.2.1;
					};
				};
			};
			buildConfigurationList = F48AE5F82274428C008323A6 /* Build configuration list for PBXProject "Mobileyes" */;
			compatibilityVersion = "Xcode 9.3";
			developmentRegion = en;
			hasScannedForEncodings = 0;
			knownRegions = (
				en,
				Base,
			);
			mainGroup = F48AE5F42274428C008323A6;
			productRefGroup = F48AE5FE2274428C008323A6 /* Products */;
			projectDirPath = "";
			projectRoot = "";
			targets = (
				F48AE5FC2274428C008323A6 /* Mobileyes */,
			);
		};
/* End PBXProject section */

/* Begin PBXResourcesBuildPhase section */
		F48AE5FB2274428C008323A6 /* Resources */ = {
			isa = PBXResourcesBuildPhase;
			buildActionMask = 2147483647;
			files = (
				F48AE6082274428F008323A6 /* Assets.xcassets in Resources */,
				F4DB9D652274654A00776FF0 /* Main.storyboard in Resources */,
				F4DB9D672274655400776FF0 /* Launch.storyboard in Resources */,
			);
			runOnlyForDeploymentPostprocessing = 0;
		};
/* End PBXResourcesBuildPhase section */

/* Begin PBXShellScriptBuildPhase section */
		47CF135E7524B07DF7B30F0B /* [CP] Embed Pods Frameworks */ = {
			isa = PBXShellScriptBuildPhase;
			buildActionMask = 2147483647;
			files = (
			);
			inputFileListPaths = (
				"${PODS_ROOT}/Target Support Files/Pods-Mobileyes/Pods-Mobileyes-frameworks-${CONFIGURATION}-input-files.xcfilelist",
			);
			name = "[CP] Embed Pods Frameworks";
			outputFileListPaths = (
				"${PODS_ROOT}/Target Support Files/Pods-Mobileyes/Pods-Mobileyes-frameworks-${CONFIGURATION}-output-files.xcfilelist",
			);
			runOnlyForDeploymentPostprocessing = 0;
			shellPath = /bin/sh;
			shellScript = "\"${PODS_ROOT}/Target Support Files/Pods-Mobileyes/Pods-Mobileyes-frameworks.sh\"\n";
			showEnvVarsInLog = 0;
		};
		8AFE0B87148B4AD82173A5A1 /* [CP] Check Pods Manifest.lock */ = {
			isa = PBXShellScriptBuildPhase;
			buildActionMask = 2147483647;
			files = (
			);
			inputFileListPaths = (
			);
			inputPaths = (
				"${PODS_PODFILE_DIR_PATH}/Podfile.lock",
				"${PODS_ROOT}/Manifest.lock",
			);
			name = "[CP] Check Pods Manifest.lock";
			outputFileListPaths = (
			);
			outputPaths = (
				"$(DERIVED_FILE_DIR)/Pods-Mobileyes-checkManifestLockResult.txt",
			);
			runOnlyForDeploymentPostprocessing = 0;
			shellPath = /bin/sh;
			shellScript = "diff \"${PODS_PODFILE_DIR_PATH}/Podfile.lock\" \"${PODS_ROOT}/Manifest.lock\" > /dev/null\nif [ $? != 0 ] ; then\n    # print error to STDERR\n    echo \"error: The sandbox is not in sync with the Podfile.lock. Run 'pod install' or update your CocoaPods installation.\" >&2\n    exit 1\nfi\n# This output is used by Xcode 'outputs' to avoid re-running this script phase.\necho \"SUCCESS\" > \"${SCRIPT_OUTPUT_FILE_0}\"\n";
			showEnvVarsInLog = 0;
		};
/* End PBXShellScriptBuildPhase section */

/* Begin PBXSourcesBuildPhase section */
		F48AE5F92274428C008323A6 /* Sources */ = {
			isa = PBXSourcesBuildPhase;
			buildActionMask = 2147483647;
			files = (
				F4DB9D69227474CA00776FF0 /* AddCustomObjectViewController.swift in Sources */,
				F4DB9D5C2274528700776FF0 /* Inceptionv3.mlmodel in Sources */,
				F4DB9D5E2274550F00776FF0 /* Extensions.swift in Sources */,
				F4DB9D6B2274829C00776FF0 /* AddCustomObjectViewController+ARSCNViewDelegate.swift in Sources */,
				F4DB9D5A227447F600776FF0 /* MoreViewController.swift in Sources */,
				F48AE6032274428C008323A6 /* MainViewController.swift in Sources */,
				F4DB9D6D2274839900776FF0 /* AddCustomObject+ARSessionDelegate.swift in Sources */,
				F48AE6012274428C008323A6 /* AppDelegate.swift in Sources */,
				F4DB9D602274555800776FF0 /* MainViewController+ARSessionDelegate.swift in Sources */,
				F4DB9D62227455F400776FF0 /* MainViewController+ARCNViewDelegate.swift in Sources */,
			);
			runOnlyForDeploymentPostprocessing = 0;
		};
/* End PBXSourcesBuildPhase section */

/* Begin XCBuildConfiguration section */
		F48AE60D2274428F008323A6 /* Debug */ = {
			isa = XCBuildConfiguration;
			buildSettings = {
				ALWAYS_SEARCH_USER_PATHS = NO;
				CLANG_ANALYZER_NONNULL = YES;
				CLANG_ANALYZER_NUMBER_OBJECT_CONVERSION = YES_AGGRESSIVE;
				CLANG_CXX_LANGUAGE_STANDARD = "gnu++14";
				CLANG_CXX_LIBRARY = "libc++";
				CLANG_ENABLE_MODULES = YES;
				CLANG_ENABLE_OBJC_ARC = YES;
				CLANG_ENABLE_OBJC_WEAK = YES;
				CLANG_WARN_BLOCK_CAPTURE_AUTORELEASING = YES;
				CLANG_WARN_BOOL_CONVERSION = YES;
				CLANG_WARN_COMMA = YES;
				CLANG_WARN_CONSTANT_CONVERSION = YES;
				CLANG_WARN_DEPRECATED_OBJC_IMPLEMENTATIONS = YES;
				CLANG_WARN_DIRECT_OBJC_ISA_USAGE = YES_ERROR;
				CLANG_WARN_DOCUMENTATION_COMMENTS = YES;
				CLANG_WARN_EMPTY_BODY = YES;
				CLANG_WARN_ENUM_CONVERSION = YES;
				CLANG_WARN_INFINITE_RECURSION = YES;
				CLANG_WARN_INT_CONVERSION = YES;
				CLANG_WARN_NON_LITERAL_NULL_CONVERSION = YES;
				CLANG_WARN_OBJC_IMPLICIT_RETAIN_SELF = YES;
				CLANG_WARN_OBJC_LITERAL_CONVERSION = YES;
				CLANG_WARN_OBJC_ROOT_CLASS = YES_ERROR;
				CLANG_WARN_RANGE_LOOP_ANALYSIS = YES;
				CLANG_WARN_STRICT_PROTOTYPES = YES;
				CLANG_WARN_SUSPICIOUS_MOVE = YES;
				CLANG_WARN_UNGUARDED_AVAILABILITY = YES_AGGRESSIVE;
				CLANG_WARN_UNREACHABLE_CODE = YES;
				CLANG_WARN__DUPLICATE_METHOD_MATCH = YES;
				CODE_SIGN_IDENTITY = "iPhone Developer";
				COPY_PHASE_STRIP = NO;
				DEBUG_INFORMATION_FORMAT = dwarf;
				ENABLE_STRICT_OBJC_MSGSEND = YES;
				ENABLE_TESTABILITY = YES;
				GCC_C_LANGUAGE_STANDARD = gnu11;
				GCC_DYNAMIC_NO_PIC = NO;
				GCC_NO_COMMON_BLOCKS = YES;
				GCC_OPTIMIZATION_LEVEL = 0;
				GCC_PREPROCESSOR_DEFINITIONS = (
					"DEBUG=1",
					"$(inherited)",
				);
				GCC_WARN_64_TO_32_BIT_CONVERSION = YES;
				GCC_WARN_ABOUT_RETURN_TYPE = YES_ERROR;
				GCC_WARN_UNDECLARED_SELECTOR = YES;
				GCC_WARN_UNINITIALIZED_AUTOS = YES_AGGRESSIVE;
				GCC_WARN_UNUSED_FUNCTION = YES;
				GCC_WARN_UNUSED_VARIABLE = YES;
				IPHONEOS_DEPLOYMENT_TARGET = 12.2;
				MTL_ENABLE_DEBUG_INFO = INCLUDE_SOURCE;
				MTL_FAST_MATH = YES;
				ONLY_ACTIVE_ARCH = YES;
				SDKROOT = iphoneos;
				SWIFT_ACTIVE_COMPILATION_CONDITIONS = DEBUG;
				SWIFT_OPTIMIZATION_LEVEL = "-Onone";
			};
			name = Debug;
		};
		F48AE60E2274428F008323A6 /* Release */ = {
			isa = XCBuildConfiguration;
			buildSettings = {
				ALWAYS_SEARCH_USER_PATHS = NO;
				CLANG_ANALYZER_NONNULL = YES;
				CLANG_ANALYZER_NUMBER_OBJECT_CONVERSION = YES_AGGRESSIVE;
				CLANG_CXX_LANGUAGE_STANDARD = "gnu++14";
				CLANG_CXX_LIBRARY = "libc++";
				CLANG_ENABLE_MODULES = YES;
				CLANG_ENABLE_OBJC_ARC = YES;
				CLANG_ENABLE_OBJC_WEAK = YES;
				CLANG_WARN_BLOCK_CAPTURE_AUTORELEASING = YES;
				CLANG_WARN_BOOL_CONVERSION = YES;
				CLANG_WARN_COMMA = YES;
				CLANG_WARN_CONSTANT_CONVERSION = YES;
				CLANG_WARN_DEPRECATED_OBJC_IMPLEMENTATIONS = YES;
				CLANG_WARN_DIRECT_OBJC_ISA_USAGE = YES_ERROR;
				CLANG_WARN_DOCUMENTATION_COMMENTS = YES;
				CLANG_WARN_EMPTY_BODY = YES;
				CLANG_WARN_ENUM_CONVERSION = YES;
				CLANG_WARN_INFINITE_RECURSION = YES;
				CLANG_WARN_INT_CONVERSION = YES;
				CLANG_WARN_NON_LITERAL_NULL_CONVERSION = YES;
				CLANG_WARN_OBJC_IMPLICIT_RETAIN_SELF = YES;
				CLANG_WARN_OBJC_LITERAL_CONVERSION = YES;
				CLANG_WARN_OBJC_ROOT_CLASS = YES_ERROR;
				CLANG_WARN_RANGE_LOOP_ANALYSIS = YES;
				CLANG_WARN_STRICT_PROTOTYPES = YES;
				CLANG_WARN_SUSPICIOUS_MOVE = YES;
				CLANG_WARN_UNGUARDED_AVAILABILITY = YES_AGGRESSIVE;
				CLANG_WARN_UNREACHABLE_CODE = YES;
				CLANG_WARN__DUPLICATE_METHOD_MATCH = YES;
				CODE_SIGN_IDENTITY = "iPhone Developer";
				COPY_PHASE_STRIP = NO;
				DEBUG_INFORMATION_FORMAT = "dwarf-with-dsym";
				ENABLE_NS_ASSERTIONS = NO;
				ENABLE_STRICT_OBJC_MSGSEND = YES;
				GCC_C_LANGUAGE_STANDARD = gnu11;
				GCC_NO_COMMON_BLOCKS = YES;
				GCC_WARN_64_TO_32_BIT_CONVERSION = YES;
				GCC_WARN_ABOUT_RETURN_TYPE = YES_ERROR;
				GCC_WARN_UNDECLARED_SELECTOR = YES;
				GCC_WARN_UNINITIALIZED_AUTOS = YES_AGGRESSIVE;
				GCC_WARN_UNUSED_FUNCTION = YES;
				GCC_WARN_UNUSED_VARIABLE = YES;
				IPHONEOS_DEPLOYMENT_TARGET = 12.2;
				MTL_ENABLE_DEBUG_INFO = NO;
				MTL_FAST_MATH = YES;
				SDKROOT = iphoneos;
				SWIFT_COMPILATION_MODE = wholemodule;
				SWIFT_OPTIMIZATION_LEVEL = "-O";
				VALIDATE_PRODUCT = YES;
			};
			name = Release;
		};
		F48AE6102274428F008323A6 /* Debug */ = {
			isa = XCBuildConfiguration;
			baseConfigurationReference = 2B8EA9C5106E983F39621FD7 /* Pods-Mobileyes.debug.xcconfig */;
			buildSettings = {
				ASSETCATALOG_COMPILER_APPICON_NAME = AppIcon;
				CODE_SIGN_STYLE = Automatic;
				DEVELOPMENT_TEAM = 8SWNKP2F4V;
				INFOPLIST_FILE = "$(SRCROOT)/Mobileyes/Supporting Files/Info.plist";
				IPHONEOS_DEPLOYMENT_TARGET = 12.2;
				LD_RUNPATH_SEARCH_PATHS = (
					"$(inherited)",
					"@executable_path/Frameworks",
				);
				PRODUCT_BUNDLE_IDENTIFIER = com.mobileyes.Mobileyes;
				PRODUCT_NAME = "$(TARGET_NAME)";
				SWIFT_VERSION = 5.0;
				TARGETED_DEVICE_FAMILY = "1,2";
			};
			name = Debug;
		};
		F48AE6112274428F008323A6 /* Release */ = {
			isa = XCBuildConfiguration;
			baseConfigurationReference = 10069B3F42F46B59BBC1AF4C /* Pods-Mobileyes.release.xcconfig */;
			buildSettings = {
				ASSETCATALOG_COMPILER_APPICON_NAME = AppIcon;
				CODE_SIGN_STYLE = Automatic;
				DEVELOPMENT_TEAM = 8SWNKP2F4V;
				INFOPLIST_FILE = "$(SRCROOT)/Mobileyes/Supporting Files/Info.plist";
				IPHONEOS_DEPLOYMENT_TARGET = 12.2;
				LD_RUNPATH_SEARCH_PATHS = (
					"$(inherited)",
					"@executable_path/Frameworks",
				);
				PRODUCT_BUNDLE_IDENTIFIER = com.mobileyes.Mobileyes;
				PRODUCT_NAME = "$(TARGET_NAME)";
				SWIFT_VERSION = 5.0;
				TARGETED_DEVICE_FAMILY = "1,2";
			};
			name = Release;
		};
/* End XCBuildConfiguration section */

/* Begin XCConfigurationList section */
		F48AE5F82274428C008323A6 /* Build configuration list for PBXProject "Mobileyes" */ = {
			isa = XCConfigurationList;
			buildConfigurations = (
				F48AE60D2274428F008323A6 /* Debug */,
				F48AE60E2274428F008323A6 /* Release */,
			);
			defaultConfigurationIsVisible = 0;
			defaultConfigurationName = Release;
		};
		F48AE60F2274428F008323A6 /* Build configuration list for PBXNativeTarget "Mobileyes" */ = {
			isa = XCConfigurationList;
			buildConfigurations = (
				F48AE6102274428F008323A6 /* Debug */,
				F48AE6112274428F008323A6 /* Release */,
			);
			defaultConfigurationIsVisible = 0;
			defaultConfigurationName = Release;
		};
/* End XCConfigurationList section */
	};
	rootObject = F48AE5F52274428C008323A6 /* Project object */;
}
